
Microsoft Visual Studio Solution File, Format Version 12.00
# Visual Studio Version 17
VisualStudioVersion = 17.10.35122.118
MinimumVisualStudioVersion = 10.0.40219.1
Project("{9A19103F-16F7-4668-BE54-9A1E7A4F7556}") = "Planilhas", "Planilhas.csproj", "{564CA628-23A0-43A3-BD35-B213C525FFF4}"
EndProject
Global
	GlobalSection(SolutionConfigurationPlatforms) = preSolution
		Debug|Any CPU = Debug|Any CPU
		Release|Any CPU = Release|Any CPU
	EndGlobalSection
	GlobalSection(ProjectConfigurationPlatforms) = postSolution
		{564CA628-23A0-43A3-BD35-B213C525FFF4}.Debug|Any CPU.ActiveCfg = Debug|Any CPU
		{564CA628-23A0-43A3-BD35-B213C525FFF4}.Debug|Any CPU.Build.0 = Debug|Any CPU
		{564CA628-23A0-43A3-BD35-B213C525FFF4}.Release|Any CPU.ActiveCfg = Release|Any CPU
		{564CA628-23A0-43A3-BD35-B213C525FFF4}.Release|Any CPU.Build.0 = Release|Any CPU
	EndGlobalSection
	GlobalSection(SolutionProperties) = preSolution
		HideSolutionNode = FALSE
	EndGlobalSection
	GlobalSection(ExtensibilityGlobals) = postSolution
		SolutionGuid = {22310B3C-5927-48E3-B61B-DB869A78B22B}
	EndGlobalSection
EndGlobal
